
Microsoft Visual Studio Solution File, Format Version 12.00
# Visual Studio Version 16
VisualStudioVersion = 16.0.31624.102
MinimumVisualStudioVersion = 10.0.40219.1
Project("{8BC9CEB8-8B4A-11D0-8D11-00A0C91BC942}") = "6", "6\6.vcxproj", "{4C66E68B-1583-4944-AA0E-CD59FBA066F7}"
EndProject
Project("{8BC9CEB8-8B4A-11D0-8D11-00A0C91BC942}") = "6.1", "6.1\6.1.vcxproj", "{02B5D0A8-0B8D-4585-A903-C213792259BC}"
EndProject
Global
	GlobalSection(SolutionConfigurationPlatforms) = preSolution
		Debug|x64 = Debug|x64
		Debug|x86 = Debug|x86
		Release|x64 = Release|x64
		Release|x86 = Release|x86
	EndGlobalSection
	GlobalSection(ProjectConfigurationPlatforms) = postSolution
		{4C66E68B-1583-4944-AA0E-CD59FBA066F7}.Debug|x64.ActiveCfg = Debug|x64
		{4C66E68B-1583-4944-AA0E-CD59FBA066F7}.Debug|x64.Build.0 = Debug|x64
		{4C66E68B-1583-4944-AA0E-CD59FBA066F7}.Debug|x86.ActiveCfg = Debug|Win32
		{4C66E68B-1583-4944-AA0E-CD59FBA066F7}.Debug|x86.Build.0 = Debug|Win32
		{4C66E68B-1583-4944-AA0E-CD59FBA066F7}.Release|x64.ActiveCfg = Release|x64
		{4C66E68B-1583-4944-AA0E-CD59FBA066F7}.Release|x64.Build.0 = Release|x64
		{4C66E68B-1583-4944-AA0E-CD59FBA066F7}.Release|x86.ActiveCfg = Release|Win32
		{4C66E68B-1583-4944-AA0E-CD59FBA066F7}.Release|x86.Build.0 = Release|Win32
		{02B5D0A8-0B8D-4585-A903-C213792259BC}.Debug|x64.ActiveCfg = Debug|x64
		{02B5D0A8-0B8D-4585-A903-C213792259BC}.Debug|x64.Build.0 = Debug|x64
		{02B5D0A8-0B8D-4585-A903-C213792259BC}.Debug|x86.ActiveCfg = Debug|Win32
		{02B5D0A8-0B8D-4585-A903-C213792259BC}.Debug|x86.Build.0 = Debug|Win32
		{02B5D0A8-0B8D-4585-A903-C213792259BC}.Release|x64.ActiveCfg = Release|x64
		{02B5D0A8-0B8D-4585-A903-C213792259BC}.Release|x64.Build.0 = Release|x64
		{02B5D0A8-0B8D-4585-A903-C213792259BC}.Release|x86.ActiveCfg = Release|Win32
		{02B5D0A8-0B8D-4585-A903-C213792259BC}.Release|x86.Build.0 = Release|Win32
	EndGlobalSection
	GlobalSection(SolutionProperties) = preSolution
		HideSolutionNode = FALSE
	EndGlobalSection
	GlobalSection(ExtensibilityGlobals) = postSolution
		SolutionGuid = {B298F6D1-C666-4C0C-9E2A-C0344D47EB53}
	EndGlobalSection
EndGlobal
